{
  "pins" : [
    {
      "identity" : "sdwebimage",
      "kind" : "remoteSourceControl",
      "location" : "https://github.com/SDWebImage/SDWebImage",
      "state" : {
        "branch" : "master",
        "revision" : "430ef4d73ca268d8efcefad08d3ac020af91c750"
      }
    }
  ],
  "version" : 2
}
