// !$*UTF8*$!
{
	archiveVersion = 1;
	classes = {
	};
	objectVersion = 56;
	objects = {

/* Begin PBXBuildFile section */
		3237515A6F9EBBCE75D90DA0 /* libPods-NumNum.a in Frameworks */ = {isa = PBXBuildFile; fileRef = 72E647E3DA0FF1C82364C1EC /* libPods-NumNum.a */; };
		F003303E294CE89D006B0859 /* CategoryDishesController.swift in Sources */ = {isa = PBXBuildFile; fileRef = F003303D294CE89D006B0859 /* CategoryDishesController.swift */; };
		F0033047294CEED7006B0859 /* DetailController.swift in Sources */ = {isa = PBXBuildFile; fileRef = F0033045294CEED7006B0859 /* DetailController.swift */; };
		F0033048294CEED7006B0859 /* DetailController.xib in Resources */ = {isa = PBXBuildFile; fileRef = F0033046294CEED7006B0859 /* DetailController.xib */; };
		F0351916293D17DF00A5A97A /* HomeManager.swift in Sources */ = {isa = PBXBuildFile; fileRef = F0351915293D17DF00A5A97A /* HomeManager.swift */; };
		F0351918293D17EC00A5A97A /* HomeHelper.swift in Sources */ = {isa = PBXBuildFile; fileRef = F0351917293D17EC00A5A97A /* HomeHelper.swift */; };
		F035191B293D181900A5A97A /* NetworkManager.swift in Sources */ = {isa = PBXBuildFile; fileRef = F035191A293D181900A5A97A /* NetworkManager.swift */; };
		F035191D293D182400A5A97A /* NetworkHelper.swift in Sources */ = {isa = PBXBuildFile; fileRef = F035191C293D182400A5A97A /* NetworkHelper.swift */; };
		F04ED6172946533100583E52 /* CategoryViewCell.swift in Sources */ = {isa = PBXBuildFile; fileRef = F04ED6152946533100583E52 /* CategoryViewCell.swift */; };
		F04ED6182946533100583E52 /* CategoryViewCell.xib in Resources */ = {isa = PBXBuildFile; fileRef = F04ED6162946533100583E52 /* CategoryViewCell.xib */; };
		F04ED61B294655E200583E52 /* SDWebImage in Frameworks */ = {isa = PBXBuildFile; productRef = F04ED61A294655E200583E52 /* SDWebImage */; };
		F05A777D2948DDD90035DC3D /* DishDetail.swift in Sources */ = {isa = PBXBuildFile; fileRef = F05A777C2948DDD90035DC3D /* DishDetail.swift */; };
		F05A77802948F9EF0035DC3D /* DishesViewCell.swift in Sources */ = {isa = PBXBuildFile; fileRef = F05A777E2948F9EF0035DC3D /* DishesViewCell.swift */; };
		F05A77812948F9EF0035DC3D /* DishesViewCell.xib in Resources */ = {isa = PBXBuildFile; fileRef = F05A777F2948F9EF0035DC3D /* DishesViewCell.xib */; };
		F05A7784294906430035DC3D /* SpecialDishesViewCell.swift in Sources */ = {isa = PBXBuildFile; fileRef = F05A7782294906430035DC3D /* SpecialDishesViewCell.swift */; };
		F05A7785294906430035DC3D /* SpecialDishesViewCell.xib in Resources */ = {isa = PBXBuildFile; fileRef = F05A7783294906430035DC3D /* SpecialDishesViewCell.xib */; };
		F05EEEDE294F79D100785366 /* FirebaseDataModel.swift in Sources */ = {isa = PBXBuildFile; fileRef = F05EEEDD294F79D100785366 /* FirebaseDataModel.swift */; };
		F05F1D85293A768A00595ACE /* AppDelegate.swift in Sources */ = {isa = PBXBuildFile; fileRef = F05F1D84293A768A00595ACE /* AppDelegate.swift */; };
		F05F1D87293A768A00595ACE /* SceneDelegate.swift in Sources */ = {isa = PBXBuildFile; fileRef = F05F1D86293A768A00595ACE /* SceneDelegate.swift */; };
		F05F1D8C293A768A00595ACE /* Main.storyboard in Resources */ = {isa = PBXBuildFile; fileRef = F05F1D8A293A768A00595ACE /* Main.storyboard */; };
		F05F1D8F293A768A00595ACE /* NumNum.xcdatamodeld in Sources */ = {isa = PBXBuildFile; fileRef = F05F1D8D293A768A00595ACE /* NumNum.xcdatamodeld */; };
		F05F1D91293A768C00595ACE /* Assets.xcassets in Resources */ = {isa = PBXBuildFile; fileRef = F05F1D90293A768C00595ACE /* Assets.xcassets */; };
		F05F1D94293A768C00595ACE /* LaunchScreen.storyboard in Resources */ = {isa = PBXBuildFile; fileRef = F05F1D92293A768C00595ACE /* LaunchScreen.storyboard */; };
		F05F1DA2293A7A1B00595ACE /* OnboardingViewController.swift in Sources */ = {isa = PBXBuildFile; fileRef = F05F1DA1293A7A1B00595ACE /* OnboardingViewController.swift */; };
		F05F1DAB293A807500595ACE /* OnboardingCell.swift in Sources */ = {isa = PBXBuildFile; fileRef = F05F1DAA293A807500595ACE /* OnboardingCell.swift */; };
		F05F1DAF293A852000595ACE /* OnboardingSlide.swift in Sources */ = {isa = PBXBuildFile; fileRef = F05F1DAE293A852000595ACE /* OnboardingSlide.swift */; };
		F0943EDA293E6F7A004630CC /* HomeViewModel.swift in Sources */ = {isa = PBXBuildFile; fileRef = F0943ED9293E6F7A004630CC /* HomeViewModel.swift */; };
		F0943EDC293E7685004630CC /* HomeController.swift in Sources */ = {isa = PBXBuildFile; fileRef = F0943EDB293E7685004630CC /* HomeController.swift */; };
		F0A92C82293D2B6E001B8CFC /* Foods.swift in Sources */ = {isa = PBXBuildFile; fileRef = F0A92C81293D2B6E001B8CFC /* Foods.swift */; };
		F0C55BCA294DCAEE00685304 /* GoogleService-Info.plist in Resources */ = {isa = PBXBuildFile; fileRef = F0C55BC9294DCAEE00685304 /* GoogleService-Info.plist */; };
		F0D53A68294DD0D400182ED6 /* FirebaseAuth in Frameworks */ = {isa = PBXBuildFile; productRef = F0D53A67294DD0D400182ED6 /* FirebaseAuth */; };
		F0D53A6A294DD0D400182ED6 /* FirebaseDatabase in Frameworks */ = {isa = PBXBuildFile; productRef = F0D53A69294DD0D400182ED6 /* FirebaseDatabase */; };
		F0D53A6E294DE5E300182ED6 /* LogInController.swift in Sources */ = {isa = PBXBuildFile; fileRef = F0D53A6D294DE5E300182ED6 /* LogInController.swift */; };
		F0D53A70294DE63A00182ED6 /* SignUpController.swift in Sources */ = {isa = PBXBuildFile; fileRef = F0D53A6F294DE63A00182ED6 /* SignUpController.swift */; };
		F0D53A72294DFEAC00182ED6 /* ProfileController.swift in Sources */ = {isa = PBXBuildFile; fileRef = F0D53A71294DFEAC00182ED6 /* ProfileController.swift */; };
		F0D53A75294E0C2F00182ED6 /* DuplicateFuncs.swift in Sources */ = {isa = PBXBuildFile; fileRef = F0D53A74294E0C2F00182ED6 /* DuplicateFuncs.swift */; };
		F0D53A7B294E5A5000182ED6 /* BasketController.swift in Sources */ = {isa = PBXBuildFile; fileRef = F0D53A7A294E5A5000182ED6 /* BasketController.swift */; };
/* End PBXBuildFile section */

/* Begin PBXFileReference section */
		182F73AB3497F25A73AA45BD /* Pods-NumNum.debug.xcconfig */ = {isa = PBXFileReference; includeInIndex = 1; lastKnownFileType = text.xcconfig; name = "Pods-NumNum.debug.xcconfig"; path = "Target Support Files/Pods-NumNum/Pods-NumNum.debug.xcconfig"; sourceTree = "<group>"; };
		72E647E3DA0FF1C82364C1EC /* libPods-NumNum.a */ = {isa = PBXFileReference; explicitFileType = archive.ar; includeInIndex = 0; path = "libPods-NumNum.a"; sourceTree = BUILT_PRODUCTS_DIR; };
		C19CE42E9BD8F7597DB8F31B /* Pods-NumNum.release.xcconfig */ = {isa = PBXFileReference; includeInIndex = 1; lastKnownFileType = text.xcconfig; name = "Pods-NumNum.release.xcconfig"; path = "Target Support Files/Pods-NumNum/Pods-NumNum.release.xcconfig"; sourceTree = "<group>"; };
		F003303D294CE89D006B0859 /* CategoryDishesController.swift */ = {isa = PBXFileReference; lastKnownFileType = sourcecode.swift; path = CategoryDishesController.swift; sourceTree = "<group>"; };
		F0033045294CEED7006B0859 /* DetailController.swift */ = {isa = PBXFileReference; lastKnownFileType = sourcecode.swift; path = DetailController.swift; sourceTree = "<group>"; };
		F0033046294CEED7006B0859 /* DetailController.xib */ = {isa = PBXFileReference; lastKnownFileType = file.xib; path = DetailController.xib; sourceTree = "<group>"; };
		F0351915293D17DF00A5A97A /* HomeManager.swift */ = {isa = PBXFileReference; lastKnownFileType = sourcecode.swift; path = HomeManager.swift; sourceTree = "<group>"; };
		F0351917293D17EC00A5A97A /* HomeHelper.swift */ = {isa = PBXFileReference; lastKnownFileType = sourcecode.swift; path = HomeHelper.swift; sourceTree = "<group>"; };
		F035191A293D181900A5A97A /* NetworkManager.swift */ = {isa = PBXFileReference; lastKnownFileType = sourcecode.swift; path = NetworkManager.swift; sourceTree = "<group>"; };
		F035191C293D182400A5A97A /* NetworkHelper.swift */ = {isa = PBXFileReference; lastKnownFileType = sourcecode.swift; path = NetworkHelper.swift; sourceTree = "<group>"; };
		F04ED6152946533100583E52 /* CategoryViewCell.swift */ = {isa = PBXFileReference; lastKnownFileType = sourcecode.swift; path = CategoryViewCell.swift; sourceTree = "<group>"; };
		F04ED6162946533100583E52 /* CategoryViewCell.xib */ = {isa = PBXFileReference; lastKnownFileType = file.xib; path = CategoryViewCell.xib; sourceTree = "<group>"; };
		F05A777C2948DDD90035DC3D /* DishDetail.swift */ = {isa = PBXFileReference; lastKnownFileType = sourcecode.swift; path = DishDetail.swift; sourceTree = "<group>"; };
		F05A777E2948F9EF0035DC3D /* DishesViewCell.swift */ = {isa = PBXFileReference; lastKnownFileType = sourcecode.swift; path = DishesViewCell.swift; sourceTree = "<group>"; };
		F05A777F2948F9EF0035DC3D /* DishesViewCell.xib */ = {isa = PBXFileReference; lastKnownFileType = file.xib; path = DishesViewCell.xib; sourceTree = "<group>"; };
		F05A7782294906430035DC3D /* SpecialDishesViewCell.swift */ = {isa = PBXFileReference; lastKnownFileType = sourcecode.swift; path = SpecialDishesViewCell.swift; sourceTree = "<group>"; };
		F05A7783294906430035DC3D /* SpecialDishesViewCell.xib */ = {isa = PBXFileReference; lastKnownFileType = file.xib; path = SpecialDishesViewCell.xib; sourceTree = "<group>"; };
		F05EEEDD294F79D100785366 /* FirebaseDataModel.swift */ = {isa = PBXFileReference; lastKnownFileType = sourcecode.swift; path = FirebaseDataModel.swift; sourceTree = "<group>"; };
		F05F1D81293A768A00595ACE /* NumNum.app */ = {isa = PBXFileReference; explicitFileType = wrapper.application; includeInIndex = 0; path = NumNum.app; sourceTree = BUILT_PRODUCTS_DIR; };
		F05F1D84293A768A00595ACE /* AppDelegate.swift */ = {isa = PBXFileReference; lastKnownFileType = sourcecode.swift; path = AppDelegate.swift; sourceTree = "<group>"; };
		F05F1D86293A768A00595ACE /* SceneDelegate.swift */ = {isa = PBXFileReference; lastKnownFileType = sourcecode.swift; path = SceneDelegate.swift; sourceTree = "<group>"; };
		F05F1D8B293A768A00595ACE /* Base */ = {isa = PBXFileReference; lastKnownFileType = file.storyboard; name = Base; path = Base.lproj/Main.storyboard; sourceTree = "<group>"; };
		F05F1D8E293A768A00595ACE /* NumNum.xcdatamodel */ = {isa = PBXFileReference; lastKnownFileType = wrapper.xcdatamodel; path = NumNum.xcdatamodel; sourceTree = "<group>"; };
		F05F1D90293A768C00595ACE /* Assets.xcassets */ = {isa = PBXFileReference; lastKnownFileType = folder.assetcatalog; path = Assets.xcassets; sourceTree = "<group>"; };
		F05F1D93293A768C00595ACE /* Base */ = {isa = PBXFileReference; lastKnownFileType = file.storyboard; name = Base; path = Base.lproj/LaunchScreen.storyboard; sourceTree = "<group>"; };
		F05F1D95293A768C00595ACE /* Info.plist */ = {isa = PBXFileReference; lastKnownFileType = text.plist.xml; path = Info.plist; sourceTree = "<group>"; };
		F05F1DA1293A7A1B00595ACE /* OnboardingViewController.swift */ = {isa = PBXFileReference; lastKnownFileType = sourcecode.swift; path = OnboardingViewController.swift; sourceTree = "<group>"; };
		F05F1DAA293A807500595ACE /* OnboardingCell.swift */ = {isa = PBXFileReference; lastKnownFileType = sourcecode.swift; path = OnboardingCell.swift; sourceTree = "<group>"; };
		F05F1DAE293A852000595ACE /* OnboardingSlide.swift */ = {isa = PBXFileReference; lastKnownFileType = sourcecode.swift; path = OnboardingSlide.swift; sourceTree = "<group>"; };
		F0943ED9293E6F7A004630CC /* HomeViewModel.swift */ = {isa = PBXFileReference; lastKnownFileType = sourcecode.swift; path = HomeViewModel.swift; sourceTree = "<group>"; };
		F0943EDB293E7685004630CC /* HomeController.swift */ = {isa = PBXFileReference; lastKnownFileType = sourcecode.swift; path = HomeController.swift; sourceTree = "<group>"; };
		F0A92C81293D2B6E001B8CFC /* Foods.swift */ = {isa = PBXFileReference; lastKnownFileType = sourcecode.swift; path = Foods.swift; sourceTree = "<group>"; };
		F0C55BC9294DCAEE00685304 /* GoogleService-Info.plist */ = {isa = PBXFileReference; fileEncoding = 4; lastKnownFileType = text.plist.xml; path = "GoogleService-Info.plist"; sourceTree = "<group>"; };
		F0D53A6D294DE5E300182ED6 /* LogInController.swift */ = {isa = PBXFileReference; lastKnownFileType = sourcecode.swift; path = LogInController.swift; sourceTree = "<group>"; };
		F0D53A6F294DE63A00182ED6 /* SignUpController.swift */ = {isa = PBXFileReference; lastKnownFileType = sourcecode.swift; path = SignUpController.swift; sourceTree = "<group>"; };
		F0D53A71294DFEAC00182ED6 /* ProfileController.swift */ = {isa = PBXFileReference; lastKnownFileType = sourcecode.swift; path = ProfileController.swift; sourceTree = "<group>"; };
		F0D53A74294E0C2F00182ED6 /* DuplicateFuncs.swift */ = {isa = PBXFileReference; lastKnownFileType = sourcecode.swift; path = DuplicateFuncs.swift; sourceTree = "<group>"; };
		F0D53A7A294E5A5000182ED6 /* BasketController.swift */ = {isa = PBXFileReference; lastKnownFileType = sourcecode.swift; path = BasketController.swift; sourceTree = "<group>"; };
/* End PBXFileReference section */

/* Begin PBXFrameworksBuildPhase section */
		F05F1D7E293A768A00595ACE /* Frameworks */ = {
			isa = PBXFrameworksBuildPhase;
			buildActionMask = 2147483647;
			files = (
				F04ED61B294655E200583E52 /* SDWebImage in Frameworks */,
				F0D53A68294DD0D400182ED6 /* FirebaseAuth in Frameworks */,
				F0D53A6A294DD0D400182ED6 /* FirebaseDatabase in Frameworks */,
				3237515A6F9EBBCE75D90DA0 /* libPods-NumNum.a in Frameworks */,
			);
			runOnlyForDeploymentPostprocessing = 0;
		};
/* End PBXFrameworksBuildPhase section */

/* Begin PBXGroup section */
		37EA0EB2857A469AACEE8B46 /* Pods */ = {
			isa = PBXGroup;
			children = (
				182F73AB3497F25A73AA45BD /* Pods-NumNum.debug.xcconfig */,
				C19CE42E9BD8F7597DB8F31B /* Pods-NumNum.release.xcconfig */,
			);
			path = Pods;
			sourceTree = "<group>";
		};
		62E209509EDF4F0B01E6D3D3 /* Frameworks */ = {
			isa = PBXGroup;
			children = (
				72E647E3DA0FF1C82364C1EC /* libPods-NumNum.a */,
			);
			name = Frameworks;
			sourceTree = "<group>";
		};
		F003303B294CE850006B0859 /* CategoryDishes */ = {
			isa = PBXGroup;
			children = (
				F0033040294CEB55006B0859 /* Model */,
				F003303C294CE888006B0859 /* View */,
				F003303F294CEB50006B0859 /* ViewModel */,
			);
			path = CategoryDishes;
			sourceTree = "<group>";
		};
		F003303C294CE888006B0859 /* View */ = {
			isa = PBXGroup;
			children = (
				F003303D294CE89D006B0859 /* CategoryDishesController.swift */,
			);
			path = View;
			sourceTree = "<group>";
		};
		F003303F294CEB50006B0859 /* ViewModel */ = {
			isa = PBXGroup;
			children = (
			);
			path = ViewModel;
			sourceTree = "<group>";
		};
		F0033040294CEB55006B0859 /* Model */ = {
			isa = PBXGroup;
			children = (
			);
			path = Model;
			sourceTree = "<group>";
		};
		F0033041294CEE3C006B0859 /* Detail */ = {
			isa = PBXGroup;
			children = (
				F0033042294CEE4C006B0859 /* Model */,
				F0033044294CEE5A006B0859 /* View */,
				F0033043294CEE54006B0859 /* ViewModel */,
			);
			path = Detail;
			sourceTree = "<group>";
		};
		F0033042294CEE4C006B0859 /* Model */ = {
			isa = PBXGroup;
			children = (
			);
			path = Model;
			sourceTree = "<group>";
		};
		F0033043294CEE54006B0859 /* ViewModel */ = {
			isa = PBXGroup;
			children = (
			);
			path = ViewModel;
			sourceTree = "<group>";
		};
		F0033044294CEE5A006B0859 /* View */ = {
			isa = PBXGroup;
			children = (
				F0033045294CEED7006B0859 /* DetailController.swift */,
				F0033046294CEED7006B0859 /* DetailController.xib */,
			);
			path = View;
			sourceTree = "<group>";
		};
		F0351914293D17D200A5A97A /* Home */ = {
			isa = PBXGroup;
			children = (
				F0351915293D17DF00A5A97A /* HomeManager.swift */,
				F0351917293D17EC00A5A97A /* HomeHelper.swift */,
			);
			path = Home;
			sourceTree = "<group>";
		};
		F0351919293D17F700A5A97A /* Core */ = {
			isa = PBXGroup;
			children = (
				F035191A293D181900A5A97A /* NetworkManager.swift */,
				F035191C293D182400A5A97A /* NetworkHelper.swift */,
			);
			path = Core;
			sourceTree = "<group>";
		};
		F04ED614294652DF00583E52 /* Cells */ = {
			isa = PBXGroup;
			children = (
				F04ED6152946533100583E52 /* CategoryViewCell.swift */,
				F04ED6162946533100583E52 /* CategoryViewCell.xib */,
				F05A777E2948F9EF0035DC3D /* DishesViewCell.swift */,
				F05A777F2948F9EF0035DC3D /* DishesViewCell.xib */,
				F05A7782294906430035DC3D /* SpecialDishesViewCell.swift */,
				F05A7783294906430035DC3D /* SpecialDishesViewCell.xib */,
			);
			path = Cells;
			sourceTree = "<group>";
		};
		F05F1D78293A768A00595ACE = {
			isa = PBXGroup;
			children = (
				F05F1D83293A768A00595ACE /* NumNum */,
				F05F1D82293A768A00595ACE /* Products */,
				37EA0EB2857A469AACEE8B46 /* Pods */,
				62E209509EDF4F0B01E6D3D3 /* Frameworks */,
			);
			sourceTree = "<group>";
		};
		F05F1D82293A768A00595ACE /* Products */ = {
			isa = PBXGroup;
			children = (
				F05F1D81293A768A00595ACE /* NumNum.app */,
			);
			name = Products;
			sourceTree = "<group>";
		};
		F05F1D83293A768A00595ACE /* NumNum */ = {
			isa = PBXGroup;
			children = (
				F05F1D9D293A78E000595ACE /* Features */,
				F05F1D9B293A78CD00595ACE /* Food */,
				F05F1D9C293A78D700595ACE /* Core */,
				F05F1D92293A768C00595ACE /* LaunchScreen.storyboard */,
				F05F1D95293A768C00595ACE /* Info.plist */,
				F0C55BC9294DCAEE00685304 /* GoogleService-Info.plist */,
				F05F1D8D293A768A00595ACE /* NumNum.xcdatamodeld */,
			);
			path = NumNum;
			sourceTree = "<group>";
		};
		F05F1D9B293A78CD00595ACE /* Food */ = {
			isa = PBXGroup;
			children = (
				F05F1D9E293A790000595ACE /* Scenes */,
				F05F1D9F293A790700595ACE /* Network */,
			);
			path = Food;
			sourceTree = "<group>";
		};
		F05F1D9C293A78D700595ACE /* Core */ = {
			isa = PBXGroup;
			children = (
				F05F1D90293A768C00595ACE /* Assets.xcassets */,
				F05F1D8A293A768A00595ACE /* Main.storyboard */,
				F05F1D86293A768A00595ACE /* SceneDelegate.swift */,
				F05F1D84293A768A00595ACE /* AppDelegate.swift */,
			);
			path = Core;
			sourceTree = "<group>";
		};
		F05F1D9D293A78E000595ACE /* Features */ = {
			isa = PBXGroup;
			children = (
			);
			path = Features;
			sourceTree = "<group>";
		};
		F05F1D9E293A790000595ACE /* Scenes */ = {
			isa = PBXGroup;
			children = (
				F0D53A76294E5A0500182ED6 /* Basket */,
				F0D53A6B294DDF7800182ED6 /* Login-Sign */,
				F0033041294CEE3C006B0859 /* Detail */,
				F003303B294CE850006B0859 /* CategoryDishes */,
				F0C9324C293B5FC000F359A6 /* Home */,
				F05F1DA0293A79EC00595ACE /* Onboarding */,
			);
			path = Scenes;
			sourceTree = "<group>";
		};
		F05F1D9F293A790700595ACE /* Network */ = {
			isa = PBXGroup;
			children = (
				F0351914293D17D200A5A97A /* Home */,
				F0351919293D17F700A5A97A /* Core */,
			);
			path = Network;
			sourceTree = "<group>";
		};
		F05F1DA0293A79EC00595ACE /* Onboarding */ = {
			isa = PBXGroup;
			children = (
				F05F1DA3293A7D9E00595ACE /* Model */,
				F05F1DA5293A7DBE00595ACE /* View */,
				F05F1DA4293A7DA300595ACE /* ViewModel */,
			);
			path = Onboarding;
			sourceTree = "<group>";
		};
		F05F1DA3293A7D9E00595ACE /* Model */ = {
			isa = PBXGroup;
			children = (
			);
			path = Model;
			sourceTree = "<group>";
		};
		F05F1DA4293A7DA300595ACE /* ViewModel */ = {
			isa = PBXGroup;
			children = (
			);
			path = ViewModel;
			sourceTree = "<group>";
		};
		F05F1DA5293A7DBE00595ACE /* View */ = {
			isa = PBXGroup;
			children = (
				F05F1DAD293A850F00595ACE /* OnboardingSlide */,
				F05F1DA9293A805B00595ACE /* Cell */,
				F05F1DA1293A7A1B00595ACE /* OnboardingViewController.swift */,
			);
			path = View;
			sourceTree = "<group>";
		};
		F05F1DA9293A805B00595ACE /* Cell */ = {
			isa = PBXGroup;
			children = (
				F05F1DAA293A807500595ACE /* OnboardingCell.swift */,
			);
			path = Cell;
			sourceTree = "<group>";
		};
		F05F1DAD293A850F00595ACE /* OnboardingSlide */ = {
			isa = PBXGroup;
			children = (
				F05F1DAE293A852000595ACE /* OnboardingSlide.swift */,
			);
			path = OnboardingSlide;
			sourceTree = "<group>";
		};
		F0C9324C293B5FC000F359A6 /* Home */ = {
			isa = PBXGroup;
			children = (
				F0C9324F293B5FDC00F359A6 /* Model */,
				F0C9324E293B5FD700F359A6 /* View */,
				F0C9324D293B5FC800F359A6 /* ViewModel */,
				F04ED614294652DF00583E52 /* Cells */,
			);
			path = Home;
			sourceTree = "<group>";
		};
		F0C9324D293B5FC800F359A6 /* ViewModel */ = {
			isa = PBXGroup;
			children = (
				F0943ED9293E6F7A004630CC /* HomeViewModel.swift */,
			);
			path = ViewModel;
			sourceTree = "<group>";
		};
		F0C9324E293B5FD700F359A6 /* View */ = {
			isa = PBXGroup;
			children = (
				F0943EDB293E7685004630CC /* HomeController.swift */,
				F0D53A71294DFEAC00182ED6 /* ProfileController.swift */,
			);
			path = View;
			sourceTree = "<group>";
		};
		F0C9324F293B5FDC00F359A6 /* Model */ = {
			isa = PBXGroup;
			children = (
				F0A92C81293D2B6E001B8CFC /* Foods.swift */,
				F05A777C2948DDD90035DC3D /* DishDetail.swift */,
			);
			path = Model;
			sourceTree = "<group>";
		};
		F0D53A6B294DDF7800182ED6 /* Login-Sign */ = {
			isa = PBXGroup;
			children = (
				F0D53A73294E0BA800182ED6 /* Helper */,
				F0D53A6C294DDF9F00182ED6 /* View */,
			);
			path = "Login-Sign";
			sourceTree = "<group>";
		};
		F0D53A6C294DDF9F00182ED6 /* View */ = {
			isa = PBXGroup;
			children = (
				F0D53A6D294DE5E300182ED6 /* LogInController.swift */,
				F0D53A6F294DE63A00182ED6 /* SignUpController.swift */,
			);
			path = View;
			sourceTree = "<group>";
		};
		F0D53A73294E0BA800182ED6 /* Helper */ = {
			isa = PBXGroup;
			children = (
				F0D53A74294E0C2F00182ED6 /* DuplicateFuncs.swift */,
			);
			path = Helper;
			sourceTree = "<group>";
		};
		F0D53A76294E5A0500182ED6 /* Basket */ = {
			isa = PBXGroup;
			children = (
				F0D53A77294E5A0900182ED6 /* Model */,
				F0D53A78294E5A0E00182ED6 /* View */,
				F0D53A79294E5A1400182ED6 /* ViewModel */,
			);
			path = Basket;
			sourceTree = "<group>";
		};
		F0D53A77294E5A0900182ED6 /* Model */ = {
			isa = PBXGroup;
			children = (
				F05EEEDD294F79D100785366 /* FirebaseDataModel.swift */,
			);
			path = Model;
			sourceTree = "<group>";
		};
		F0D53A78294E5A0E00182ED6 /* View */ = {
			isa = PBXGroup;
			children = (
				F0D53A7A294E5A5000182ED6 /* BasketController.swift */,
			);
			path = View;
			sourceTree = "<group>";
		};
		F0D53A79294E5A1400182ED6 /* ViewModel */ = {
			isa = PBXGroup;
			children = (
			);
			path = ViewModel;
			sourceTree = "<group>";
		};
/* End PBXGroup section */

/* Begin PBXNativeTarget section */
		F05F1D80293A768A00595ACE /* NumNum */ = {
			isa = PBXNativeTarget;
			buildConfigurationList = F05F1D98293A768C00595ACE /* Build configuration list for PBXNativeTarget "NumNum" */;
			buildPhases = (
				5B348B94EBA3984688BB0470 /* [CP] Check Pods Manifest.lock */,
				F05F1D7D293A768A00595ACE /* Sources */,
				F05F1D7E293A768A00595ACE /* Frameworks */,
				F05F1D7F293A768A00595ACE /* Resources */,
			);
			buildRules = (
			);
			dependencies = (
			);
			name = NumNum;
			packageProductDependencies = (
				F04ED61A294655E200583E52 /* SDWebImage */,
				F0D53A67294DD0D400182ED6 /* FirebaseAuth */,
				F0D53A69294DD0D400182ED6 /* FirebaseDatabase */,
			);
			productName = NumNum;
			productReference = F05F1D81293A768A00595ACE /* NumNum.app */;
			productType = "com.apple.product-type.application";
		};
/* End PBXNativeTarget section */

/* Begin PBXProject section */
		F05F1D79293A768A00595ACE /* Project object */ = {
			isa = PBXProject;
			attributes = {
				BuildIndependentTargetsInParallel = 1;
				LastSwiftUpdateCheck = 1410;
				LastUpgradeCheck = 1410;
				TargetAttributes = {
					F05F1D80293A768A00595ACE = {
						CreatedOnToolsVersion = 14.1;
					};
				};
			};
			buildConfigurationList = F05F1D7C293A768A00595ACE /* Build configuration list for PBXProject "NumNum" */;
			compatibilityVersion = "Xcode 14.0";
			developmentRegion = en;
			hasScannedForEncodings = 0;
			knownRegions = (
				en,
				Base,
			);
			mainGroup = F05F1D78293A768A00595ACE;
			packageReferences = (
				F04ED619294655E200583E52 /* XCRemoteSwiftPackageReference "SDWebImage" */,
				F0D53A66294DD0D400182ED6 /* XCRemoteSwiftPackageReference "firebase-ios-sdk" */,
			);
			productRefGroup = F05F1D82293A768A00595ACE /* Products */;
			projectDirPath = "";
			projectRoot = "";
			targets = (
				F05F1D80293A768A00595ACE /* NumNum */,
			);
		};
/* End PBXProject section */

/* Begin PBXResourcesBuildPhase section */
		F05F1D7F293A768A00595ACE /* Resources */ = {
			isa = PBXResourcesBuildPhase;
			buildActionMask = 2147483647;
			files = (
				F0033048294CEED7006B0859 /* DetailController.xib in Resources */,
				F05A7785294906430035DC3D /* SpecialDishesViewCell.xib in Resources */,
				F05A77812948F9EF0035DC3D /* DishesViewCell.xib in Resources */,
				F05F1D94293A768C00595ACE /* LaunchScreen.storyboard in Resources */,
				F05F1D91293A768C00595ACE /* Assets.xcassets in Resources */,
				F04ED6182946533100583E52 /* CategoryViewCell.xib in Resources */,
				F05F1D8C293A768A00595ACE /* Main.storyboard in Resources */,
				F0C55BCA294DCAEE00685304 /* GoogleService-Info.plist in Resources */,
			);
			runOnlyForDeploymentPostprocessing = 0;
		};
/* End PBXResourcesBuildPhase section */

/* Begin PBXShellScriptBuildPhase section */
		5B348B94EBA3984688BB0470 /* [CP] Check Pods Manifest.lock */ = {
			isa = PBXShellScriptBuildPhase;
			buildActionMask = 2147483647;
			files = (
			);
			inputFileListPaths = (
			);
			inputPaths = (
				"${PODS_PODFILE_DIR_PATH}/Podfile.lock",
				"${PODS_ROOT}/Manifest.lock",
			);
			name = "[CP] Check Pods Manifest.lock";
			outputFileListPaths = (
			);
			outputPaths = (
				"$(DERIVED_FILE_DIR)/Pods-NumNum-checkManifestLockResult.txt",
			);
			runOnlyForDeploymentPostprocessing = 0;
			shellPath = /bin/sh;
			shellScript = "diff \"${PODS_PODFILE_DIR_PATH}/Podfile.lock\" \"${PODS_ROOT}/Manifest.lock\" > /dev/null\nif [ $? != 0 ] ; then\n    # print error to STDERR\n    echo \"error: The sandbox is not in sync with the Podfile.lock. Run 'pod install' or update your CocoaPods installation.\" >&2\n    exit 1\nfi\n# This output is used by Xcode 'outputs' to avoid re-running this script phase.\necho \"SUCCESS\" > \"${SCRIPT_OUTPUT_FILE_0}\"\n";
			showEnvVarsInLog = 0;
		};
/* End PBXShellScriptBuildPhase section */

/* Begin PBXSourcesBuildPhase section */
		F05F1D7D293A768A00595ACE /* Sources */ = {
			isa = PBXSourcesBuildPhase;
			buildActionMask = 2147483647;
			files = (
				F035191B293D181900A5A97A /* NetworkManager.swift in Sources */,
				F0A92C82293D2B6E001B8CFC /* Foods.swift in Sources */,
				F0D53A70294DE63A00182ED6 /* SignUpController.swift in Sources */,
				F05F1D85293A768A00595ACE /* AppDelegate.swift in Sources */,
				F035191D293D182400A5A97A /* NetworkHelper.swift in Sources */,
				F05F1DAB293A807500595ACE /* OnboardingCell.swift in Sources */,
				F0351916293D17DF00A5A97A /* HomeManager.swift in Sources */,
				F0D53A72294DFEAC00182ED6 /* ProfileController.swift in Sources */,
				F04ED6172946533100583E52 /* CategoryViewCell.swift in Sources */,
				F0033047294CEED7006B0859 /* DetailController.swift in Sources */,
				F0943EDC293E7685004630CC /* HomeController.swift in Sources */,
				F05F1D87293A768A00595ACE /* SceneDelegate.swift in Sources */,
				F0943EDA293E6F7A004630CC /* HomeViewModel.swift in Sources */,
				F05A77802948F9EF0035DC3D /* DishesViewCell.swift in Sources */,
				F05A777D2948DDD90035DC3D /* DishDetail.swift in Sources */,
				F0D53A7B294E5A5000182ED6 /* BasketController.swift in Sources */,
				F05EEEDE294F79D100785366 /* FirebaseDataModel.swift in Sources */,
				F0351918293D17EC00A5A97A /* HomeHelper.swift in Sources */,
				F05F1D8F293A768A00595ACE /* NumNum.xcdatamodeld in Sources */,
				F05F1DAF293A852000595ACE /* OnboardingSlide.swift in Sources */,
				F05A7784294906430035DC3D /* SpecialDishesViewCell.swift in Sources */,
				F0D53A6E294DE5E300182ED6 /* LogInController.swift in Sources */,
				F0D53A75294E0C2F00182ED6 /* DuplicateFuncs.swift in Sources */,
				F05F1DA2293A7A1B00595ACE /* OnboardingViewController.swift in Sources */,
				F003303E294CE89D006B0859 /* CategoryDishesController.swift in Sources */,
			);
			runOnlyForDeploymentPostprocessing = 0;
		};
/* End PBXSourcesBuildPhase section */

/* Begin PBXVariantGroup section */
		F05F1D8A293A768A00595ACE /* Main.storyboard */ = {
			isa = PBXVariantGroup;
			children = (
				F05F1D8B293A768A00595ACE /* Base */,
			);
			name = Main.storyboard;
			sourceTree = "<group>";
		};
		F05F1D92293A768C00595ACE /* LaunchScreen.storyboard */ = {
			isa = PBXVariantGroup;
			children = (
				F05F1D93293A768C00595ACE /* Base */,
			);
			name = LaunchScreen.storyboard;
			sourceTree = "<group>";
		};
/* End PBXVariantGroup section */

/* Begin XCBuildConfiguration section */
		F05F1D96293A768C00595ACE /* Debug */ = {
			isa = XCBuildConfiguration;
			buildSettings = {
				ALWAYS_SEARCH_USER_PATHS = NO;
				CLANG_ANALYZER_NONNULL = YES;
				CLANG_ANALYZER_NUMBER_OBJECT_CONVERSION = YES_AGGRESSIVE;
				CLANG_CXX_LANGUAGE_STANDARD = "gnu++20";
				CLANG_ENABLE_MODULES = YES;
				CLANG_ENABLE_OBJC_ARC = YES;
				CLANG_ENABLE_OBJC_WEAK = YES;
				CLANG_WARN_BLOCK_CAPTURE_AUTORELEASING = YES;
				CLANG_WARN_BOOL_CONVERSION = YES;
				CLANG_WARN_COMMA = YES;
				CLANG_WARN_CONSTANT_CONVERSION = YES;
				CLANG_WARN_DEPRECATED_OBJC_IMPLEMENTATIONS = YES;
				CLANG_WARN_DIRECT_OBJC_ISA_USAGE = YES_ERROR;
				CLANG_WARN_DOCUMENTATION_COMMENTS = YES;
				CLANG_WARN_EMPTY_BODY = YES;
				CLANG_WARN_ENUM_CONVERSION = YES;
				CLANG_WARN_INFINITE_RECURSION = YES;
				CLANG_WARN_INT_CONVERSION = YES;
				CLANG_WARN_NON_LITERAL_NULL_CONVERSION = YES;
				CLANG_WARN_OBJC_IMPLICIT_RETAIN_SELF = YES;
				CLANG_WARN_OBJC_LITERAL_CONVERSION = YES;
				CLANG_WARN_OBJC_ROOT_CLASS = YES_ERROR;
				CLANG_WARN_QUOTED_INCLUDE_IN_FRAMEWORK_HEADER = YES;
				CLANG_WARN_RANGE_LOOP_ANALYSIS = YES;
				CLANG_WARN_STRICT_PROTOTYPES = YES;
				CLANG_WARN_SUSPICIOUS_MOVE = YES;
				CLANG_WARN_UNGUARDED_AVAILABILITY = YES_AGGRESSIVE;
				CLANG_WARN_UNREACHABLE_CODE = YES;
				CLANG_WARN__DUPLICATE_METHOD_MATCH = YES;
				COPY_PHASE_STRIP = NO;
				DEBUG_INFORMATION_FORMAT = dwarf;
				ENABLE_STRICT_OBJC_MSGSEND = YES;
				ENABLE_TESTABILITY = YES;
				GCC_C_LANGUAGE_STANDARD = gnu11;
				GCC_DYNAMIC_NO_PIC = NO;
				GCC_NO_COMMON_BLOCKS = YES;
				GCC_OPTIMIZATION_LEVEL = 0;
				GCC_PREPROCESSOR_DEFINITIONS = (
					"DEBUG=1",
					"$(inherited)",
				);
				GCC_WARN_64_TO_32_BIT_CONVERSION = YES;
				GCC_WARN_ABOUT_RETURN_TYPE = YES_ERROR;
				GCC_WARN_UNDECLARED_SELECTOR = YES;
				GCC_WARN_UNINITIALIZED_AUTOS = YES_AGGRESSIVE;
				GCC_WARN_UNUSED_FUNCTION = YES;
				GCC_WARN_UNUSED_VARIABLE = YES;
				IPHONEOS_DEPLOYMENT_TARGET = 16.1;
				MTL_ENABLE_DEBUG_INFO = INCLUDE_SOURCE;
				MTL_FAST_MATH = YES;
				ONLY_ACTIVE_ARCH = YES;
				SDKROOT = iphoneos;
				SWIFT_ACTIVE_COMPILATION_CONDITIONS = DEBUG;
				SWIFT_OPTIMIZATION_LEVEL = "-Onone";
			};
			name = Debug;
		};
		F05F1D97293A768C00595ACE /* Release */ = {
			isa = XCBuildConfiguration;
			buildSettings = {
				ALWAYS_SEARCH_USER_PATHS = NO;
				CLANG_ANALYZER_NONNULL = YES;
				CLANG_ANALYZER_NUMBER_OBJECT_CONVERSION = YES_AGGRESSIVE;
				CLANG_CXX_LANGUAGE_STANDARD = "gnu++20";
				CLANG_ENABLE_MODULES = YES;
				CLANG_ENABLE_OBJC_ARC = YES;
				CLANG_ENABLE_OBJC_WEAK = YES;
				CLANG_WARN_BLOCK_CAPTURE_AUTORELEASING = YES;
				CLANG_WARN_BOOL_CONVERSION = YES;
				CLANG_WARN_COMMA = YES;
				CLANG_WARN_CONSTANT_CONVERSION = YES;
				CLANG_WARN_DEPRECATED_OBJC_IMPLEMENTATIONS = YES;
				CLANG_WARN_DIRECT_OBJC_ISA_USAGE = YES_ERROR;
				CLANG_WARN_DOCUMENTATION_COMMENTS = YES;
				CLANG_WARN_EMPTY_BODY = YES;
				CLANG_WARN_ENUM_CONVERSION = YES;
				CLANG_WARN_INFINITE_RECURSION = YES;
				CLANG_WARN_INT_CONVERSION = YES;
				CLANG_WARN_NON_LITERAL_NULL_CONVERSION = YES;
				CLANG_WARN_OBJC_IMPLICIT_RETAIN_SELF = YES;
				CLANG_WARN_OBJC_LITERAL_CONVERSION = YES;
				CLANG_WARN_OBJC_ROOT_CLASS = YES_ERROR;
				CLANG_WARN_QUOTED_INCLUDE_IN_FRAMEWORK_HEADER = YES;
				CLANG_WARN_RANGE_LOOP_ANALYSIS = YES;
				CLANG_WARN_STRICT_PROTOTYPES = YES;
				CLANG_WARN_SUSPICIOUS_MOVE = YES;
				CLANG_WARN_UNGUARDED_AVAILABILITY = YES_AGGRESSIVE;
				CLANG_WARN_UNREACHABLE_CODE = YES;
				CLANG_WARN__DUPLICATE_METHOD_MATCH = YES;
				COPY_PHASE_STRIP = NO;
				DEBUG_INFORMATION_FORMAT = "dwarf-with-dsym";
				ENABLE_NS_ASSERTIONS = NO;
				ENABLE_STRICT_OBJC_MSGSEND = YES;
				GCC_C_LANGUAGE_STANDARD = gnu11;
				GCC_NO_COMMON_BLOCKS = YES;
				GCC_WARN_64_TO_32_BIT_CONVERSION = YES;
				GCC_WARN_ABOUT_RETURN_TYPE = YES_ERROR;
				GCC_WARN_UNDECLARED_SELECTOR = YES;
				GCC_WARN_UNINITIALIZED_AUTOS = YES_AGGRESSIVE;
				GCC_WARN_UNUSED_FUNCTION = YES;
				GCC_WARN_UNUSED_VARIABLE = YES;
				IPHONEOS_DEPLOYMENT_TARGET = 16.1;
				MTL_ENABLE_DEBUG_INFO = NO;
				MTL_FAST_MATH = YES;
				SDKROOT = iphoneos;
				SWIFT_COMPILATION_MODE = wholemodule;
				SWIFT_OPTIMIZATION_LEVEL = "-O";
				VALIDATE_PRODUCT = YES;
			};
			name = Release;
		};
		F05F1D99293A768C00595ACE /* Debug */ = {
			isa = XCBuildConfiguration;
			baseConfigurationReference = 182F73AB3497F25A73AA45BD /* Pods-NumNum.debug.xcconfig */;
			buildSettings = {
				ASSETCATALOG_COMPILER_APPICON_NAME = AppIcon;
				ASSETCATALOG_COMPILER_GLOBAL_ACCENT_COLOR_NAME = AccentColor;
				CODE_SIGN_STYLE = Automatic;
				CURRENT_PROJECT_VERSION = 1;
				DEVELOPMENT_TEAM = 78Y3UD747G;
				GENERATE_INFOPLIST_FILE = YES;
				INFOPLIST_FILE = NumNum/Info.plist;
				INFOPLIST_KEY_UIApplicationSupportsIndirectInputEvents = YES;
				INFOPLIST_KEY_UILaunchStoryboardName = LaunchScreen;
				INFOPLIST_KEY_UIMainStoryboardFile = Main;
				INFOPLIST_KEY_UISupportedInterfaceOrientations_iPad = "UIInterfaceOrientationPortrait UIInterfaceOrientationPortraitUpsideDown UIInterfaceOrientationLandscapeLeft UIInterfaceOrientationLandscapeRight";
				INFOPLIST_KEY_UISupportedInterfaceOrientations_iPhone = "UIInterfaceOrientationPortrait UIInterfaceOrientationLandscapeLeft UIInterfaceOrientationLandscapeRight";
				LD_RUNPATH_SEARCH_PATHS = (
					"$(inherited)",
					"@executable_path/Frameworks",
				);
				MARKETING_VERSION = 1.0;
				PRODUCT_BUNDLE_IDENTIFIER = com.ekremalkan.NumNum;
				PRODUCT_NAME = "$(TARGET_NAME)";
				SWIFT_EMIT_LOC_STRINGS = YES;
				SWIFT_VERSION = 5.0;
				TARGETED_DEVICE_FAMILY = "1,2";
			};
			name = Debug;
		};
		F05F1D9A293A768C00595ACE /* Release */ = {
			isa = XCBuildConfiguration;
			baseConfigurationReference = C19CE42E9BD8F7597DB8F31B /* Pods-NumNum.release.xcconfig */;
			buildSettings = {
				ASSETCATALOG_COMPILER_APPICON_NAME = AppIcon;
				ASSETCATALOG_COMPILER_GLOBAL_ACCENT_COLOR_NAME = AccentColor;
				CODE_SIGN_STYLE = Automatic;
				CURRENT_PROJECT_VERSION = 1;
				DEVELOPMENT_TEAM = 78Y3UD747G;
				GENERATE_INFOPLIST_FILE = YES;
				INFOPLIST_FILE = NumNum/Info.plist;
				INFOPLIST_KEY_UIApplicationSupportsIndirectInputEvents = YES;
				INFOPLIST_KEY_UILaunchStoryboardName = LaunchScreen;
				INFOPLIST_KEY_UIMainStoryboardFile = Main;
				INFOPLIST_KEY_UISupportedInterfaceOrientations_iPad = "UIInterfaceOrientationPortrait UIInterfaceOrientationPortraitUpsideDown UIInterfaceOrientationLandscapeLeft UIInterfaceOrientationLandscapeRight";
				INFOPLIST_KEY_UISupportedInterfaceOrientations_iPhone = "UIInterfaceOrientationPortrait UIInterfaceOrientationLandscapeLeft UIInterfaceOrientationLandscapeRight";
				LD_RUNPATH_SEARCH_PATHS = (
					"$(inherited)",
					"@executable_path/Frameworks",
				);
				MARKETING_VERSION = 1.0;
				PRODUCT_BUNDLE_IDENTIFIER = com.ekremalkan.NumNum;
				PRODUCT_NAME = "$(TARGET_NAME)";
				SWIFT_EMIT_LOC_STRINGS = YES;
				SWIFT_VERSION = 5.0;
				TARGETED_DEVICE_FAMILY = "1,2";
			};
			name = Release;
		};
/* End XCBuildConfiguration section */

/* Begin XCConfigurationList section */
		F05F1D7C293A768A00595ACE /* Build configuration list for PBXProject "NumNum" */ = {
			isa = XCConfigurationList;
			buildConfigurations = (
				F05F1D96293A768C00595ACE /* Debug */,
				F05F1D97293A768C00595ACE /* Release */,
			);
			defaultConfigurationIsVisible = 0;
			defaultConfigurationName = Release;
		};
		F05F1D98293A768C00595ACE /* Build configuration list for PBXNativeTarget "NumNum" */ = {
			isa = XCConfigurationList;
			buildConfigurations = (
				F05F1D99293A768C00595ACE /* Debug */,
				F05F1D9A293A768C00595ACE /* Release */,
			);
			defaultConfigurationIsVisible = 0;
			defaultConfigurationName = Release;
		};
/* End XCConfigurationList section */

/* Begin XCRemoteSwiftPackageReference section */
		F04ED619294655E200583E52 /* XCRemoteSwiftPackageReference "SDWebImage" */ = {
			isa = XCRemoteSwiftPackageReference;
			repositoryURL = "https://github.com/SDWebImage/SDWebImage";
			requirement = {
				branch = master;
				kind = branch;
			};
		};
		F0D53A66294DD0D400182ED6 /* XCRemoteSwiftPackageReference "firebase-ios-sdk" */ = {
			isa = XCRemoteSwiftPackageReference;
			repositoryURL = "https://github.com/firebase/firebase-ios-sdk";
			requirement = {
				kind = upToNextMajorVersion;
				minimumVersion = 9.0.0;
			};
		};
/* End XCRemoteSwiftPackageReference section */

/* Begin XCSwiftPackageProductDependency section */
		F04ED61A294655E200583E52 /* SDWebImage */ = {
			isa = XCSwiftPackageProductDependency;
			package = F04ED619294655E200583E52 /* XCRemoteSwiftPackageReference "SDWebImage" */;
			productName = SDWebImage;
		};
		F0D53A67294DD0D400182ED6 /* FirebaseAuth */ = {
			isa = XCSwiftPackageProductDependency;
			package = F0D53A66294DD0D400182ED6 /* XCRemoteSwiftPackageReference "firebase-ios-sdk" */;
			productName = FirebaseAuth;
		};
		F0D53A69294DD0D400182ED6 /* FirebaseDatabase */ = {
			isa = XCSwiftPackageProductDependency;
			package = F0D53A66294DD0D400182ED6 /* XCRemoteSwiftPackageReference "firebase-ios-sdk" */;
			productName = FirebaseDatabase;
		};
/* End XCSwiftPackageProductDependency section */

/* Begin XCVersionGroup section */
		F05F1D8D293A768A00595ACE /* NumNum.xcdatamodeld */ = {
			isa = XCVersionGroup;
			children = (
				F05F1D8E293A768A00595ACE /* NumNum.xcdatamodel */,
			);
			currentVersion = F05F1D8E293A768A00595ACE /* NumNum.xcdatamodel */;
			path = NumNum.xcdatamodeld;
			sourceTree = "<group>";
			versionGroupType = wrapper.xcdatamodel;
		};
/* End XCVersionGroup section */
	};
	rootObject = F05F1D79293A768A00595ACE /* Project object */;
}
